
Microsoft Visual Studio Solution File, Format Version 12.00
# Visual Studio Version 17
VisualStudioVersion = 17.8.34309.116
MinimumVisualStudioVersion = 10.0.40219.1
Project("{FAE04EC0-301F-11D3-BF4B-00C04F79EFBC}") = "EventsApi", "EventsApi\EventsApi.csproj", "{B6B1E54D-F2F4-4FD6-ADFD-6343C9F8BB24}"
EndProject
Global
	GlobalSection(SolutionConfigurationPlatforms) = preSolution
		Debug|Any CPU = Debug|Any CPU
		Release|Any CPU = Release|Any CPU
	EndGlobalSection
	GlobalSection(ProjectConfigurationPlatforms) = postSolution
		{B6B1E54D-F2F4-4FD6-ADFD-6343C9F8BB24}.Debug|Any CPU.ActiveCfg = Debug|Any CPU
		{B6B1E54D-F2F4-4FD6-ADFD-6343C9F8BB24}.Debug|Any CPU.Build.0 = Debug|Any CPU
		{B6B1E54D-F2F4-4FD6-ADFD-6343C9F8BB24}.Release|Any CPU.ActiveCfg = Release|Any CPU
		{B6B1E54D-F2F4-4FD6-ADFD-6343C9F8BB24}.Release|Any CPU.Build.0 = Release|Any CPU
	EndGlobalSection
	GlobalSection(SolutionProperties) = preSolution
		HideSolutionNode = FALSE
	EndGlobalSection
	GlobalSection(ExtensibilityGlobals) = postSolution
		SolutionGuid = {60A09612-3F86-43A9-A149-CFD10E518F22}
	EndGlobalSection
EndGlobal
